{
  "name": ".emacs.d",
  "lockfileVersion": 3,
  "requires": true,
  "packages": {
    "": {
      "devDependencies": {
        "@angular/language-service": "^18.2.9",
        "typescript": "^5.6.3"
      }
    },
    "node_modules/@angular/language-service": {
      "version": "18.2.9",
      "resolved": "https://registry.npmjs.org/@angular/language-service/-/language-service-18.2.9.tgz",
      "integrity": "sha512-vC9la5VpvfX27ept36rlc42nGxDak7YfbWtSoZUageyZJUWyIEAvW8rNNPEvoO86RLi011/HmyyIr2GSQLKvxA==",
      "dev": true,
      "license": "MIT",
      "engines": {
        "node": "^18.19.1 || ^20.11.1 || >=22.0.0"
      }
    },
    "node_modules/typescript": {
      "version": "5.6.3",
      "resolved": "https://registry.npmjs.org/typescript/-/typescript-5.6.3.tgz",
      "integrity": "sha512-hjcS1mhfuyi4WW8IWtjP7brDrG2cuDZukyrYrSauoXGNgx0S7zceP07adYkJycEr56BOUTNPzbInooiN3fn1qw==",
      "dev": true,
      "license": "Apache-2.0",
      "bin": {
        "tsc": "bin/tsc",
        "tsserver": "bin/tsserver"
      },
      "engines": {
        "node": ">=14.17"
      }
    }
  }
}
